
Microsoft Visual Studio Solution File, Format Version 12.00
# Visual Studio Version 17
VisualStudioVersion = 17.1.32407.343
MinimumVisualStudioVersion = 10.0.40219.1
Project("{FAE04EC0-301F-11D3-BF4B-00C04F79EFBC}") = "Resto", "Resto\Resto.csproj", "{BB282CCF-271B-4359-BBEF-28ECD6F58C24}"
EndProject
Global
	GlobalSection(SolutionConfigurationPlatforms) = preSolution
		Debug|Any CPU = Debug|Any CPU
		Release|Any CPU = Release|Any CPU
	EndGlobalSection
	GlobalSection(ProjectConfigurationPlatforms) = postSolution
		{BB282CCF-271B-4359-BBEF-28ECD6F58C24}.Debug|Any CPU.ActiveCfg = Debug|Any CPU
		{BB282CCF-271B-4359-BBEF-28ECD6F58C24}.Debug|Any CPU.Build.0 = Debug|Any CPU
		{BB282CCF-271B-4359-BBEF-28ECD6F58C24}.Release|Any CPU.ActiveCfg = Release|Any CPU
		{BB282CCF-271B-4359-BBEF-28ECD6F58C24}.Release|Any CPU.Build.0 = Release|Any CPU
	EndGlobalSection
	GlobalSection(SolutionProperties) = preSolution
		HideSolutionNode = FALSE
	EndGlobalSection
	GlobalSection(ExtensibilityGlobals) = postSolution
		SolutionGuid = {BB98F58A-FD5B-4574-B3BC-807D75A9690C}
	EndGlobalSection
EndGlobal
